
Microsoft Visual Studio Solution File, Format Version 12.00
# Visual Studio Version 17
VisualStudioVersion = 17.6.33829.357
MinimumVisualStudioVersion = 10.0.40219.1
Project("{FAE04EC0-301F-11D3-BF4B-00C04F79EFBC}") = "eTickets", "eTickets\eTickets.csproj", "{D2C43D6A-CCF8-444B-8A41-49BA19798A89}"
EndProject
Global
	GlobalSection(SolutionConfigurationPlatforms) = preSolution
		Debug|Any CPU = Debug|Any CPU
		Release|Any CPU = Release|Any CPU
	EndGlobalSection
	GlobalSection(ProjectConfigurationPlatforms) = postSolution
		{D2C43D6A-CCF8-444B-8A41-49BA19798A89}.Debug|Any CPU.ActiveCfg = Debug|Any CPU
		{D2C43D6A-CCF8-444B-8A41-49BA19798A89}.Debug|Any CPU.Build.0 = Debug|Any CPU
		{D2C43D6A-CCF8-444B-8A41-49BA19798A89}.Release|Any CPU.ActiveCfg = Release|Any CPU
		{D2C43D6A-CCF8-444B-8A41-49BA19798A89}.Release|Any CPU.Build.0 = Release|Any CPU
	EndGlobalSection
	GlobalSection(SolutionProperties) = preSolution
		HideSolutionNode = FALSE
	EndGlobalSection
	GlobalSection(ExtensibilityGlobals) = postSolution
		SolutionGuid = {85DF1F72-B4B3-429B-995C-119DD63548FF}
	EndGlobalSection
EndGlobal
